
Microsoft Visual Studio Solution File, Format Version 12.00
# Visual Studio Version 16
VisualStudioVersion = 16.0.31702.278
MinimumVisualStudioVersion = 10.0.40219.1
Project("{FAE04EC0-301F-11D3-BF4B-00C04F79EFBC}") = "Elite.Budget.Mobile.Android", "Elite.Budget.Mobile\Elite.Budget.Mobile.Android\Elite.Budget.Mobile.Android.csproj", "{49DDDCEC-08E3-4E98-ABAB-511E7844E1A3}"
EndProject
Project("{9A19103F-16F7-4668-BE54-9A1E7A4F7556}") = "Elite.Budget.Mobile", "Elite.Budget.Mobile\Elite.Budget.Mobile\Elite.Budget.Mobile.csproj", "{C7F694A1-FFF2-48CD-93BE-2ABEA25DF1DE}"
EndProject
Project("{FAE04EC0-301F-11D3-BF4B-00C04F79EFBC}") = "Elite.Budget.Web", "Elite.Budget.Web\Elite.Budget.Web.csproj", "{EFE35D27-CDC8-4946-AF45-9885E471CD0E}"
EndProject
Global
	GlobalSection(SolutionConfigurationPlatforms) = preSolution
		Debug|Any CPU = Debug|Any CPU
		Release|Any CPU = Release|Any CPU
	EndGlobalSection
	GlobalSection(ProjectConfigurationPlatforms) = postSolution
		{49DDDCEC-08E3-4E98-ABAB-511E7844E1A3}.Debug|Any CPU.ActiveCfg = Debug|Any CPU
		{49DDDCEC-08E3-4E98-ABAB-511E7844E1A3}.Debug|Any CPU.Build.0 = Debug|Any CPU
		{49DDDCEC-08E3-4E98-ABAB-511E7844E1A3}.Debug|Any CPU.Deploy.0 = Debug|Any CPU
		{49DDDCEC-08E3-4E98-ABAB-511E7844E1A3}.Release|Any CPU.ActiveCfg = Release|Any CPU
		{49DDDCEC-08E3-4E98-ABAB-511E7844E1A3}.Release|Any CPU.Build.0 = Release|Any CPU
		{49DDDCEC-08E3-4E98-ABAB-511E7844E1A3}.Release|Any CPU.Deploy.0 = Release|Any CPU
		{C7F694A1-FFF2-48CD-93BE-2ABEA25DF1DE}.Debug|Any CPU.ActiveCfg = Debug|Any CPU
		{C7F694A1-FFF2-48CD-93BE-2ABEA25DF1DE}.Debug|Any CPU.Build.0 = Debug|Any CPU
		{C7F694A1-FFF2-48CD-93BE-2ABEA25DF1DE}.Release|Any CPU.ActiveCfg = Release|Any CPU
		{C7F694A1-FFF2-48CD-93BE-2ABEA25DF1DE}.Release|Any CPU.Build.0 = Release|Any CPU
		{EFE35D27-CDC8-4946-AF45-9885E471CD0E}.Debug|Any CPU.ActiveCfg = Debug|Any CPU
		{EFE35D27-CDC8-4946-AF45-9885E471CD0E}.Debug|Any CPU.Build.0 = Debug|Any CPU
		{EFE35D27-CDC8-4946-AF45-9885E471CD0E}.Release|Any CPU.ActiveCfg = Release|Any CPU
		{EFE35D27-CDC8-4946-AF45-9885E471CD0E}.Release|Any CPU.Build.0 = Release|Any CPU
	EndGlobalSection
	GlobalSection(SolutionProperties) = preSolution
		HideSolutionNode = FALSE
	EndGlobalSection
	GlobalSection(ExtensibilityGlobals) = postSolution
		SolutionGuid = {DEB3355D-D828-445B-977F-241406BE5D31}
	EndGlobalSection
EndGlobal
